
Microsoft Visual Studio Solution File, Format Version 12.00
# Visual Studio Express 2012 for Web
Project("{FAE04EC0-301F-11D3-BF4B-00C04F79EFBC}") = "BRMDataReader", "BRMDataReader\BRMDataReader.csproj", "{678F2C78-9D60-44E9-AE2B-128DACBDB1AC}"
EndProject
Global
	GlobalSection(SolutionConfigurationPlatforms) = preSolution
		Debug|Any CPU = Debug|Any CPU
		Release|Any CPU = Release|Any CPU
	EndGlobalSection
	GlobalSection(ProjectConfigurationPlatforms) = postSolution
		{678F2C78-9D60-44E9-AE2B-128DACBDB1AC}.Debug|Any CPU.ActiveCfg = Debug|Any CPU
		{678F2C78-9D60-44E9-AE2B-128DACBDB1AC}.Debug|Any CPU.Build.0 = Debug|Any CPU
		{678F2C78-9D60-44E9-AE2B-128DACBDB1AC}.Release|Any CPU.ActiveCfg = Release|Any CPU
		{678F2C78-9D60-44E9-AE2B-128DACBDB1AC}.Release|Any CPU.Build.0 = Release|Any CPU
	EndGlobalSection
	GlobalSection(SolutionProperties) = preSolution
		HideSolutionNode = FALSE
	EndGlobalSection
EndGlobal
